// !$*UTF8*$!
{
	archiveVersion = 1;
	classes = {
	};
	objectVersion = 50;
	objects = {

/* Begin PBXBuildFile section */
		2525DB523C01071D5DA06883 /* Pods_FizzBuzzTestApp.framework in Frameworks */ = {isa = PBXBuildFile; fileRef = 7E4048F14F9553478F15E0FE /* Pods_FizzBuzzTestApp.framework */; };
		9F21D44025E5AD9100602B64 /* AppDelegate.swift in Sources */ = {isa = PBXBuildFile; fileRef = 9F21D43F25E5AD9100602B64 /* AppDelegate.swift */; };
		9F21D44225E5AD9100602B64 /* SceneDelegate.swift in Sources */ = {isa = PBXBuildFile; fileRef = 9F21D44125E5AD9100602B64 /* SceneDelegate.swift */; };
		9F21D44425E5AD9100602B64 /* ViewController.swift in Sources */ = {isa = PBXBuildFile; fileRef = 9F21D44325E5AD9100602B64 /* ViewController.swift */; };
		9F21D44725E5AD9100602B64 /* Main.storyboard in Resources */ = {isa = PBXBuildFile; fileRef = 9F21D44525E5AD9100602B64 /* Main.storyboard */; };
		9F21D44925E5AD9200602B64 /* Assets.xcassets in Resources */ = {isa = PBXBuildFile; fileRef = 9F21D44825E5AD9200602B64 /* Assets.xcassets */; };
		9F21D44C25E5AD9200602B64 /* LaunchScreen.storyboard in Resources */ = {isa = PBXBuildFile; fileRef = 9F21D44A25E5AD9200602B64 /* LaunchScreen.storyboard */; };
/* End PBXBuildFile section */

/* Begin PBXFileReference section */
		05083F466FD1F2C611EAC5AB /* Pods-FizzBuzzTestApp.debug.xcconfig */ = {isa = PBXFileReference; includeInIndex = 1; lastKnownFileType = text.xcconfig; name = "Pods-FizzBuzzTestApp.debug.xcconfig"; path = "Target Support Files/Pods-FizzBuzzTestApp/Pods-FizzBuzzTestApp.debug.xcconfig"; sourceTree = "<group>"; };
		7E4048F14F9553478F15E0FE /* Pods_FizzBuzzTestApp.framework */ = {isa = PBXFileReference; explicitFileType = wrapper.framework; includeInIndex = 0; path = Pods_FizzBuzzTestApp.framework; sourceTree = BUILT_PRODUCTS_DIR; };
		9F21D43C25E5AD9100602B64 /* FizzBuzzTestApp.app */ = {isa = PBXFileReference; explicitFileType = wrapper.application; includeInIndex = 0; path = FizzBuzzTestApp.app; sourceTree = BUILT_PRODUCTS_DIR; };
		9F21D43F25E5AD9100602B64 /* AppDelegate.swift */ = {isa = PBXFileReference; lastKnownFileType = sourcecode.swift; path = AppDelegate.swift; sourceTree = "<group>"; };
		9F21D44125E5AD9100602B64 /* SceneDelegate.swift */ = {isa = PBXFileReference; lastKnownFileType = sourcecode.swift; path = SceneDelegate.swift; sourceTree = "<group>"; };
		9F21D44325E5AD9100602B64 /* ViewController.swift */ = {isa = PBXFileReference; lastKnownFileType = sourcecode.swift; path = ViewController.swift; sourceTree = "<group>"; };
		9F21D44625E5AD9100602B64 /* Base */ = {isa = PBXFileReference; lastKnownFileType = file.storyboard; name = Base; path = Base.lproj/Main.storyboard; sourceTree = "<group>"; };
		9F21D44825E5AD9200602B64 /* Assets.xcassets */ = {isa = PBXFileReference; lastKnownFileType = folder.assetcatalog; path = Assets.xcassets; sourceTree = "<group>"; };
		9F21D44B25E5AD9200602B64 /* Base */ = {isa = PBXFileReference; lastKnownFileType = file.storyboard; name = Base; path = Base.lproj/LaunchScreen.storyboard; sourceTree = "<group>"; };
		9F21D44D25E5AD9200602B64 /* Info.plist */ = {isa = PBXFileReference; lastKnownFileType = text.plist.xml; path = Info.plist; sourceTree = "<group>"; };
		FF5DA35C4140FEF92A86A2D4 /* Pods-FizzBuzzTestApp.release.xcconfig */ = {isa = PBXFileReference; includeInIndex = 1; lastKnownFileType = text.xcconfig; name = "Pods-FizzBuzzTestApp.release.xcconfig"; path = "Target Support Files/Pods-FizzBuzzTestApp/Pods-FizzBuzzTestApp.release.xcconfig"; sourceTree = "<group>"; };
/* End PBXFileReference section */

/* Begin PBXFrameworksBuildPhase section */
		9F21D43925E5AD9100602B64 /* Frameworks */ = {
			isa = PBXFrameworksBuildPhase;
			buildActionMask = 2147483647;
			files = (
				2525DB523C01071D5DA06883 /* Pods_FizzBuzzTestApp.framework in Frameworks */,
			);
			runOnlyForDeploymentPostprocessing = 0;
		};
/* End PBXFrameworksBuildPhase section */

/* Begin PBXGroup section */
		11B16A7545532138EDA36B51 /* Pods */ = {
			isa = PBXGroup;
			children = (
				05083F466FD1F2C611EAC5AB /* Pods-FizzBuzzTestApp.debug.xcconfig */,
				FF5DA35C4140FEF92A86A2D4 /* Pods-FizzBuzzTestApp.release.xcconfig */,
			);
			name = Pods;
			path = Pods;
			sourceTree = "<group>";
		};
		87CF16BA044D810F905D9C82 /* Frameworks */ = {
			isa = PBXGroup;
			children = (
				7E4048F14F9553478F15E0FE /* Pods_FizzBuzzTestApp.framework */,
			);
			name = Frameworks;
			sourceTree = "<group>";
		};
		9F21D43325E5AD9100602B64 = {
			isa = PBXGroup;
			children = (
				9F21D43E25E5AD9100602B64 /* FizzBuzzTestApp */,
				9F21D43D25E5AD9100602B64 /* Products */,
				11B16A7545532138EDA36B51 /* Pods */,
				87CF16BA044D810F905D9C82 /* Frameworks */,
			);
			sourceTree = "<group>";
		};
		9F21D43D25E5AD9100602B64 /* Products */ = {
			isa = PBXGroup;
			children = (
				9F21D43C25E5AD9100602B64 /* FizzBuzzTestApp.app */,
			);
			name = Products;
			sourceTree = "<group>";
		};
		9F21D43E25E5AD9100602B64 /* FizzBuzzTestApp */ = {
			isa = PBXGroup;
			children = (
				9F21D43F25E5AD9100602B64 /* AppDelegate.swift */,
				9F21D44125E5AD9100602B64 /* SceneDelegate.swift */,
				9F21D44325E5AD9100602B64 /* ViewController.swift */,
				9F21D44525E5AD9100602B64 /* Main.storyboard */,
				9F21D44825E5AD9200602B64 /* Assets.xcassets */,
				9F21D44A25E5AD9200602B64 /* LaunchScreen.storyboard */,
				9F21D44D25E5AD9200602B64 /* Info.plist */,
			);
			path = FizzBuzzTestApp;
			sourceTree = "<group>";
		};
/* End PBXGroup section */

/* Begin PBXNativeTarget section */
		9F21D43B25E5AD9100602B64 /* FizzBuzzTestApp */ = {
			isa = PBXNativeTarget;
			buildConfigurationList = 9F21D45025E5AD9200602B64 /* Build configuration list for PBXNativeTarget "FizzBuzzTestApp" */;
			buildPhases = (
				B1E1FD1E922DCBEBF86C9118 /* [CP] Check Pods Manifest.lock */,
				9F21D43825E5AD9100602B64 /* Sources */,
				9F21D43925E5AD9100602B64 /* Frameworks */,
				9F21D43A25E5AD9100602B64 /* Resources */,
				C3094728E360CD669B748F53 /* [CP] Embed Pods Frameworks */,
			);
			buildRules = (
			);
			dependencies = (
			);
			name = FizzBuzzTestApp;
			productName = FizzBuzzTestApp;
			productReference = 9F21D43C25E5AD9100602B64 /* FizzBuzzTestApp.app */;
			productType = "com.apple.product-type.application";
		};
/* End PBXNativeTarget section */

/* Begin PBXProject section */
		9F21D43425E5AD9100602B64 /* Project object */ = {
			isa = PBXProject;
			attributes = {
				LastSwiftUpdateCheck = 1240;
				LastUpgradeCheck = 1240;
				TargetAttributes = {
					9F21D43B25E5AD9100602B64 = {
						CreatedOnToolsVersion = 12.4;
					};
				};
			};
			buildConfigurationList = 9F21D43725E5AD9100602B64 /* Build configuration list for PBXProject "FizzBuzzTestApp" */;
			compatibilityVersion = "Xcode 9.3";
			developmentRegion = en;
			hasScannedForEncodings = 0;
			knownRegions = (
				en,
				Base,
			);
			mainGroup = 9F21D43325E5AD9100602B64;
			productRefGroup = 9F21D43D25E5AD9100602B64 /* Products */;
			projectDirPath = "";
			projectRoot = "";
			targets = (
				9F21D43B25E5AD9100602B64 /* FizzBuzzTestApp */,
			);
		};
/* End PBXProject section */

/* Begin PBXResourcesBuildPhase section */
		9F21D43A25E5AD9100602B64 /* Resources */ = {
			isa = PBXResourcesBuildPhase;
			buildActionMask = 2147483647;
			files = (
				9F21D44C25E5AD9200602B64 /* LaunchScreen.storyboard in Resources */,
				9F21D44925E5AD9200602B64 /* Assets.xcassets in Resources */,
				9F21D44725E5AD9100602B64 /* Main.storyboard in Resources */,
			);
			runOnlyForDeploymentPostprocessing = 0;
		};
/* End PBXResourcesBuildPhase section */

/* Begin PBXShellScriptBuildPhase section */
		B1E1FD1E922DCBEBF86C9118 /* [CP] Check Pods Manifest.lock */ = {
			isa = PBXShellScriptBuildPhase;
			buildActionMask = 2147483647;
			files = (
			);
			inputFileListPaths = (
			);
			inputPaths = (
				"${PODS_PODFILE_DIR_PATH}/Podfile.lock",
				"${PODS_ROOT}/Manifest.lock",
			);
			name = "[CP] Check Pods Manifest.lock";
			outputFileListPaths = (
			);
			outputPaths = (
				"$(DERIVED_FILE_DIR)/Pods-FizzBuzzTestApp-checkManifestLockResult.txt",
			);
			runOnlyForDeploymentPostprocessing = 0;
			shellPath = /bin/sh;
			shellScript = "diff \"${PODS_PODFILE_DIR_PATH}/Podfile.lock\" \"${PODS_ROOT}/Manifest.lock\" > /dev/null\nif [ $? != 0 ] ; then\n    # print error to STDERR\n    echo \"error: The sandbox is not in sync with the Podfile.lock. Run 'pod install' or update your CocoaPods installation.\" >&2\n    exit 1\nfi\n# This output is used by Xcode 'outputs' to avoid re-running this script phase.\necho \"SUCCESS\" > \"${SCRIPT_OUTPUT_FILE_0}\"\n";
			showEnvVarsInLog = 0;
		};
		C3094728E360CD669B748F53 /* [CP] Embed Pods Frameworks */ = {
			isa = PBXShellScriptBuildPhase;
			buildActionMask = 2147483647;
			files = (
			);
			inputFileListPaths = (
				"${PODS_ROOT}/Target Support Files/Pods-FizzBuzzTestApp/Pods-FizzBuzzTestApp-frameworks-${CONFIGURATION}-input-files.xcfilelist",
			);
			name = "[CP] Embed Pods Frameworks";
			outputFileListPaths = (
				"${PODS_ROOT}/Target Support Files/Pods-FizzBuzzTestApp/Pods-FizzBuzzTestApp-frameworks-${CONFIGURATION}-output-files.xcfilelist",
			);
			runOnlyForDeploymentPostprocessing = 0;
			shellPath = /bin/sh;
			shellScript = "\"${PODS_ROOT}/Target Support Files/Pods-FizzBuzzTestApp/Pods-FizzBuzzTestApp-frameworks.sh\"\n";
			showEnvVarsInLog = 0;
		};
/* End PBXShellScriptBuildPhase section */

/* Begin PBXSourcesBuildPhase section */
		9F21D43825E5AD9100602B64 /* Sources */ = {
			isa = PBXSourcesBuildPhase;
			buildActionMask = 2147483647;
			files = (
				9F21D44425E5AD9100602B64 /* ViewController.swift in Sources */,
				9F21D44025E5AD9100602B64 /* AppDelegate.swift in Sources */,
				9F21D44225E5AD9100602B64 /* SceneDelegate.swift in Sources */,
			);
			runOnlyForDeploymentPostprocessing = 0;
		};
/* End PBXSourcesBuildPhase section */

/* Begin PBXVariantGroup section */
		9F21D44525E5AD9100602B64 /* Main.storyboard */ = {
			isa = PBXVariantGroup;
			children = (
				9F21D44625E5AD9100602B64 /* Base */,
			);
			name = Main.storyboard;
			sourceTree = "<group>";
		};
		9F21D44A25E5AD9200602B64 /* LaunchScreen.storyboard */ = {
			isa = PBXVariantGroup;
			children = (
				9F21D44B25E5AD9200602B64 /* Base */,
			);
			name = LaunchScreen.storyboard;
			sourceTree = "<group>";
		};
/* End PBXVariantGroup section */

/* Begin XCBuildConfiguration section */
		9F21D44E25E5AD9200602B64 /* Debug */ = {
			isa = XCBuildConfiguration;
			buildSettings = {
				ALWAYS_SEARCH_USER_PATHS = NO;
				CLANG_ANALYZER_NONNULL = YES;
				CLANG_ANALYZER_NUMBER_OBJECT_CONVERSION = YES_AGGRESSIVE;
				CLANG_CXX_LANGUAGE_STANDARD = "gnu++14";
				CLANG_CXX_LIBRARY = "libc++";
				CLANG_ENABLE_MODULES = YES;
				CLANG_ENABLE_OBJC_ARC = YES;
				CLANG_ENABLE_OBJC_WEAK = YES;
				CLANG_WARN_BLOCK_CAPTURE_AUTORELEASING = YES;
				CLANG_WARN_BOOL_CONVERSION = YES;
				CLANG_WARN_COMMA = YES;
				CLANG_WARN_CONSTANT_CONVERSION = YES;
				CLANG_WARN_DEPRECATED_OBJC_IMPLEMENTATIONS = YES;
				CLANG_WARN_DIRECT_OBJC_ISA_USAGE = YES_ERROR;
				CLANG_WARN_DOCUMENTATION_COMMENTS = YES;
				CLANG_WARN_EMPTY_BODY = YES;
				CLANG_WARN_ENUM_CONVERSION = YES;
				CLANG_WARN_INFINITE_RECURSION = YES;
				CLANG_WARN_INT_CONVERSION = YES;
				CLANG_WARN_NON_LITERAL_NULL_CONVERSION = YES;
				CLANG_WARN_OBJC_IMPLICIT_RETAIN_SELF = YES;
				CLANG_WARN_OBJC_LITERAL_CONVERSION = YES;
				CLANG_WARN_OBJC_ROOT_CLASS = YES_ERROR;
				CLANG_WARN_QUOTED_INCLUDE_IN_FRAMEWORK_HEADER = YES;
				CLANG_WARN_RANGE_LOOP_ANALYSIS = YES;
				CLANG_WARN_STRICT_PROTOTYPES = YES;
				CLANG_WARN_SUSPICIOUS_MOVE = YES;
				CLANG_WARN_UNGUARDED_AVAILABILITY = YES_AGGRESSIVE;
				CLANG_WARN_UNREACHABLE_CODE = YES;
				CLANG_WARN__DUPLICATE_METHOD_MATCH = YES;
				COPY_PHASE_STRIP = NO;
				DEBUG_INFORMATION_FORMAT = dwarf;
				ENABLE_STRICT_OBJC_MSGSEND = YES;
				ENABLE_TESTABILITY = YES;
				GCC_C_LANGUAGE_STANDARD = gnu11;
				GCC_DYNAMIC_NO_PIC = NO;
				GCC_NO_COMMON_BLOCKS = YES;
				GCC_OPTIMIZATION_LEVEL = 0;
				GCC_PREPROCESSOR_DEFINITIONS = (
					"DEBUG=1",
					"$(inherited)",
				);
				GCC_WARN_64_TO_32_BIT_CONVERSION = YES;
				GCC_WARN_ABOUT_RETURN_TYPE = YES_ERROR;
				GCC_WARN_UNDECLARED_SELECTOR = YES;
				GCC_WARN_UNINITIALIZED_AUTOS = YES_AGGRESSIVE;
				GCC_WARN_UNUSED_FUNCTION = YES;
				GCC_WARN_UNUSED_VARIABLE = YES;
				IPHONEOS_DEPLOYMENT_TARGET = 14.4;
				MTL_ENABLE_DEBUG_INFO = INCLUDE_SOURCE;
				MTL_FAST_MATH = YES;
				ONLY_ACTIVE_ARCH = YES;
				SDKROOT = iphoneos;
				SWIFT_ACTIVE_COMPILATION_CONDITIONS = DEBUG;
				SWIFT_OPTIMIZATION_LEVEL = "-Onone";
			};
			name = Debug;
		};
		9F21D44F25E5AD9200602B64 /* Release */ = {
			isa = XCBuildConfiguration;
			buildSettings = {
				ALWAYS_SEARCH_USER_PATHS = NO;
				CLANG_ANALYZER_NONNULL = YES;
				CLANG_ANALYZER_NUMBER_OBJECT_CONVERSION = YES_AGGRESSIVE;
				CLANG_CXX_LANGUAGE_STANDARD = "gnu++14";
				CLANG_CXX_LIBRARY = "libc++";
				CLANG_ENABLE_MODULES = YES;
				CLANG_ENABLE_OBJC_ARC = YES;
				CLANG_ENABLE_OBJC_WEAK = YES;
				CLANG_WARN_BLOCK_CAPTURE_AUTORELEASING = YES;
				CLANG_WARN_BOOL_CONVERSION = YES;
				CLANG_WARN_COMMA = YES;
				CLANG_WARN_CONSTANT_CONVERSION = YES;
				CLANG_WARN_DEPRECATED_OBJC_IMPLEMENTATIONS = YES;
				CLANG_WARN_DIRECT_OBJC_ISA_USAGE = YES_ERROR;
				CLANG_WARN_DOCUMENTATION_COMMENTS = YES;
				CLANG_WARN_EMPTY_BODY = YES;
				CLANG_WARN_ENUM_CONVERSION = YES;
				CLANG_WARN_INFINITE_RECURSION = YES;
				CLANG_WARN_INT_CONVERSION = YES;
				CLANG_WARN_NON_LITERAL_NULL_CONVERSION = YES;
				CLANG_WARN_OBJC_IMPLICIT_RETAIN_SELF = YES;
				CLANG_WARN_OBJC_LITERAL_CONVERSION = YES;
				CLANG_WARN_OBJC_ROOT_CLASS = YES_ERROR;
				CLANG_WARN_QUOTED_INCLUDE_IN_FRAMEWORK_HEADER = YES;
				CLANG_WARN_RANGE_LOOP_ANALYSIS = YES;
				CLANG_WARN_STRICT_PROTOTYPES = YES;
				CLANG_WARN_SUSPICIOUS_MOVE = YES;
				CLANG_WARN_UNGUARDED_AVAILABILITY = YES_AGGRESSIVE;
				CLANG_WARN_UNREACHABLE_CODE = YES;
				CLANG_WARN__DUPLICATE_METHOD_MATCH = YES;
				COPY_PHASE_STRIP = NO;
				DEBUG_INFORMATION_FORMAT = "dwarf-with-dsym";
				ENABLE_NS_ASSERTIONS = NO;
				ENABLE_STRICT_OBJC_MSGSEND = YES;
				GCC_C_LANGUAGE_STANDARD = gnu11;
				GCC_NO_COMMON_BLOCKS = YES;
				GCC_WARN_64_TO_32_BIT_CONVERSION = YES;
				GCC_WARN_ABOUT_RETURN_TYPE = YES_ERROR;
				GCC_WARN_UNDECLARED_SELECTOR = YES;
				GCC_WARN_UNINITIALIZED_AUTOS = YES_AGGRESSIVE;
				GCC_WARN_UNUSED_FUNCTION = YES;
				GCC_WARN_UNUSED_VARIABLE = YES;
				IPHONEOS_DEPLOYMENT_TARGET = 14.4;
				MTL_ENABLE_DEBUG_INFO = NO;
				MTL_FAST_MATH = YES;
				SDKROOT = iphoneos;
				SWIFT_COMPILATION_MODE = wholemodule;
				SWIFT_OPTIMIZATION_LEVEL = "-O";
				VALIDATE_PRODUCT = YES;
			};
			name = Release;
		};
		9F21D45125E5AD9200602B64 /* Debug */ = {
			isa = XCBuildConfiguration;
			baseConfigurationReference = 05083F466FD1F2C611EAC5AB /* Pods-FizzBuzzTestApp.debug.xcconfig */;
			buildSettings = {
				ASSETCATALOG_COMPILER_APPICON_NAME = AppIcon;
				ASSETCATALOG_COMPILER_GLOBAL_ACCENT_COLOR_NAME = AccentColor;
				CODE_SIGN_STYLE = Automatic;
				DEVELOPMENT_TEAM = 36V5S393N9;
				INFOPLIST_FILE = FizzBuzzTestApp/Info.plist;
				LD_RUNPATH_SEARCH_PATHS = (
					"$(inherited)",
					"@executable_path/Frameworks",
				);
				PRODUCT_BUNDLE_IDENTIFIER = com.ivanornes.FizzBuzzTestApp;
				PRODUCT_NAME = "$(TARGET_NAME)";
				SWIFT_VERSION = 5.0;
				TARGETED_DEVICE_FAMILY = "1,2";
			};
			name = Debug;
		};
		9F21D45225E5AD9200602B64 /* Release */ = {
			isa = XCBuildConfiguration;
			baseConfigurationReference = FF5DA35C4140FEF92A86A2D4 /* Pods-FizzBuzzTestApp.release.xcconfig */;
			buildSettings = {
				ASSETCATALOG_COMPILER_APPICON_NAME = AppIcon;
				ASSETCATALOG_COMPILER_GLOBAL_ACCENT_COLOR_NAME = AccentColor;
				CODE_SIGN_STYLE = Automatic;
				DEVELOPMENT_TEAM = 36V5S393N9;
				INFOPLIST_FILE = FizzBuzzTestApp/Info.plist;
				LD_RUNPATH_SEARCH_PATHS = (
					"$(inherited)",
					"@executable_path/Frameworks",
				);
				PRODUCT_BUNDLE_IDENTIFIER = com.ivanornes.FizzBuzzTestApp;
				PRODUCT_NAME = "$(TARGET_NAME)";
				SWIFT_VERSION = 5.0;
				TARGETED_DEVICE_FAMILY = "1,2";
			};
			name = Release;
		};
/* End XCBuildConfiguration section */

/* Begin XCConfigurationList section */
		9F21D43725E5AD9100602B64 /* Build configuration list for PBXProject "FizzBuzzTestApp" */ = {
			isa = XCConfigurationList;
			buildConfigurations = (
				9F21D44E25E5AD9200602B64 /* Debug */,
				9F21D44F25E5AD9200602B64 /* Release */,
			);
			defaultConfigurationIsVisible = 0;
			defaultConfigurationName = Release;
		};
		9F21D45025E5AD9200602B64 /* Build configuration list for PBXNativeTarget "FizzBuzzTestApp" */ = {
			isa = XCConfigurationList;
			buildConfigurations = (
				9F21D45125E5AD9200602B64 /* Debug */,
				9F21D45225E5AD9200602B64 /* Release */,
			);
			defaultConfigurationIsVisible = 0;
			defaultConfigurationName = Release;
		};
/* End XCConfigurationList section */
	};
	rootObject = 9F21D43425E5AD9100602B64 /* Project object */;
}
